
Microsoft Visual Studio Solution File, Format Version 12.00
# Visual Studio Version 17
VisualStudioVersion = 17.7.34221.43
MinimumVisualStudioVersion = 10.0.40219.1
Project("{FAE04EC0-301F-11D3-BF4B-00C04F79EFBC}") = "MauiAppPersonalityQuiz", "MauiAppPersonalityQuiz\MauiAppPersonalityQuiz.csproj", "{A36B4D75-005D-4C5C-B9F1-6125C545417D}"
EndProject
Global
	GlobalSection(SolutionConfigurationPlatforms) = preSolution
		Debug|Any CPU = Debug|Any CPU
		Release|Any CPU = Release|Any CPU
	EndGlobalSection
	GlobalSection(ProjectConfigurationPlatforms) = postSolution
		{A36B4D75-005D-4C5C-B9F1-6125C545417D}.Debug|Any CPU.ActiveCfg = Debug|Any CPU
		{A36B4D75-005D-4C5C-B9F1-6125C545417D}.Debug|Any CPU.Build.0 = Debug|Any CPU
		{A36B4D75-005D-4C5C-B9F1-6125C545417D}.Debug|Any CPU.Deploy.0 = Debug|Any CPU
		{A36B4D75-005D-4C5C-B9F1-6125C545417D}.Release|Any CPU.ActiveCfg = Release|Any CPU
		{A36B4D75-005D-4C5C-B9F1-6125C545417D}.Release|Any CPU.Build.0 = Release|Any CPU
		{A36B4D75-005D-4C5C-B9F1-6125C545417D}.Release|Any CPU.Deploy.0 = Release|Any CPU
	EndGlobalSection
	GlobalSection(SolutionProperties) = preSolution
		HideSolutionNode = FALSE
	EndGlobalSection
	GlobalSection(ExtensibilityGlobals) = postSolution
		SolutionGuid = {549AB7E3-09B7-48CF-8D4F-967959AE0E04}
	EndGlobalSection
EndGlobal
